// !$*UTF8*$!
{
	archiveVersion = 1;
	classes = {
	};
	objectVersion = 50;
	objects = {

/* Begin PBXBuildFile section */
		E600D64C2632FB7400EF367C /* AppDelegate.swift in Sources */ = {isa = PBXBuildFile; fileRef = E600D64B2632FB7400EF367C /* AppDelegate.swift */; };
		E600D64E2632FB7400EF367C /* SceneDelegate.swift in Sources */ = {isa = PBXBuildFile; fileRef = E600D64D2632FB7400EF367C /* SceneDelegate.swift */; };
		E600D6532632FB7400EF367C /* Main.storyboard in Resources */ = {isa = PBXBuildFile; fileRef = E600D6512632FB7400EF367C /* Main.storyboard */; };
		E600D6552632FB7700EF367C /* Assets.xcassets in Resources */ = {isa = PBXBuildFile; fileRef = E600D6542632FB7700EF367C /* Assets.xcassets */; };
		E600D6582632FB7700EF367C /* LaunchScreen.storyboard in Resources */ = {isa = PBXBuildFile; fileRef = E600D6562632FB7700EF367C /* LaunchScreen.storyboard */; };
		E600D66E2632FB7800EF367C /* LeBaluchonUITests.swift in Sources */ = {isa = PBXBuildFile; fileRef = E600D66D2632FB7800EF367C /* LeBaluchonUITests.swift */; };
		E6069D6726984E27007D03B2 /* TranslationService.swift in Sources */ = {isa = PBXBuildFile; fileRef = E6069D6626984E27007D03B2 /* TranslationService.swift */; };
		E6069D6C26984EFF007D03B2 /* TranslationData.swift in Sources */ = {isa = PBXBuildFile; fileRef = E6069D6B26984EFF007D03B2 /* TranslationData.swift */; };
		E6069D7126985169007D03B2 /* TranslationAPI.swift in Sources */ = {isa = PBXBuildFile; fileRef = E6069D7026985169007D03B2 /* TranslationAPI.swift */; };
		E6402FEB264EC105008F0993 /* WeatherService.swift in Sources */ = {isa = PBXBuildFile; fileRef = E6402FEA264EC105008F0993 /* WeatherService.swift */; };
		E6402FF3264EC9E7008F0993 /* WeatherViewController.swift in Sources */ = {isa = PBXBuildFile; fileRef = E6402FF2264EC9E7008F0993 /* WeatherViewController.swift */; };
		E6402FF8264ECE68008F0993 /* WeatherAPI.swift in Sources */ = {isa = PBXBuildFile; fileRef = E6402FF7264ECE68008F0993 /* WeatherAPI.swift */; };
		E6403000264EDEAF008F0993 /* DeviseService.swift in Sources */ = {isa = PBXBuildFile; fileRef = E6402FFF264EDEAF008F0993 /* DeviseService.swift */; };
		E640300A264EFBC4008F0993 /* Devise.swift in Sources */ = {isa = PBXBuildFile; fileRef = E6403009264EFBC4008F0993 /* Devise.swift */; };
		E6403012264F13AD008F0993 /* DeviseViewController.swift in Sources */ = {isa = PBXBuildFile; fileRef = E6403011264F13AD008F0993 /* DeviseViewController.swift */; };
		E64A53BF264E9AD10067D8DA /* HomeViewController.swift in Sources */ = {isa = PBXBuildFile; fileRef = E64A53BE264E9AD10067D8DA /* HomeViewController.swift */; };
		E6A6ED41269C5131003CB200 /* DevisesServiceTestCase.swift in Sources */ = {isa = PBXBuildFile; fileRef = E6A6ED40269C5131003CB200 /* DevisesServiceTestCase.swift */; };
		E6A6ED46269C5205003CB200 /* devise.json in Resources */ = {isa = PBXBuildFile; fileRef = E6A6ED45269C5205003CB200 /* devise.json */; };
		E6A6ED4B269C5272003CB200 /* FakeResponseData.swift in Sources */ = {isa = PBXBuildFile; fileRef = E6A6ED4A269C5272003CB200 /* FakeResponseData.swift */; };
		E6A6ED58269C5623003CB200 /* TranslationServiceTestCase.swift in Sources */ = {isa = PBXBuildFile; fileRef = E6A6ED57269C5623003CB200 /* TranslationServiceTestCase.swift */; };
		E6A6ED60269C566E003CB200 /* weather.json in Resources */ = {isa = PBXBuildFile; fileRef = E6A6ED5F269C566E003CB200 /* weather.json */; };
		E6A6ED68269C569A003CB200 /* translation.json in Resources */ = {isa = PBXBuildFile; fileRef = E6A6ED67269C569A003CB200 /* translation.json */; };
		E6A6ED6D269C6941003CB200 /* URLSessionFake.swift in Sources */ = {isa = PBXBuildFile; fileRef = E6A6ED6C269C6941003CB200 /* URLSessionFake.swift */; };
		E6A6ED7E269C7E2F003CB200 /* WeatherServicesTestCase.swift in Sources */ = {isa = PBXBuildFile; fileRef = E6A6ED7D269C7E2F003CB200 /* WeatherServicesTestCase.swift */; };
		E6CDED73269869AC00F89278 /* TranslationViewController.swift in Sources */ = {isa = PBXBuildFile; fileRef = E6CDED72269869AC00F89278 /* TranslationViewController.swift */; };
		E6F491B32682171100899E63 /* WeatherData.swift in Sources */ = {isa = PBXBuildFile; fileRef = E6F491B22682171100899E63 /* WeatherData.swift */; };
		E6F491BC2684CBFC00899E63 /* CoreLocation.framework in Frameworks */ = {isa = PBXBuildFile; fileRef = E6F491BB2684CBFB00899E63 /* CoreLocation.framework */; };
		E6F491C92684CE6300899E63 /* Localisation.swift in Sources */ = {isa = PBXBuildFile; fileRef = E6F491C82684CE6300899E63 /* Localisation.swift */; };
		E6F491CE26875BE700899E63 /* DeviseData.swift in Sources */ = {isa = PBXBuildFile; fileRef = E6F491CD26875BE600899E63 /* DeviseData.swift */; };
/* End PBXBuildFile section */

/* Begin PBXContainerItemProxy section */
		E600D65F2632FB7800EF367C /* PBXContainerItemProxy */ = {
			isa = PBXContainerItemProxy;
			containerPortal = E600D6402632FB7400EF367C /* Project object */;
			proxyType = 1;
			remoteGlobalIDString = E600D6472632FB7400EF367C;
			remoteInfo = LeBaluchon;
		};
		E600D66A2632FB7800EF367C /* PBXContainerItemProxy */ = {
			isa = PBXContainerItemProxy;
			containerPortal = E600D6402632FB7400EF367C /* Project object */;
			proxyType = 1;
			remoteGlobalIDString = E600D6472632FB7400EF367C;
			remoteInfo = LeBaluchon;
		};
/* End PBXContainerItemProxy section */

/* Begin PBXFileReference section */
		E600D6482632FB7400EF367C /* LeBaluchon.app */ = {isa = PBXFileReference; explicitFileType = wrapper.application; includeInIndex = 0; path = LeBaluchon.app; sourceTree = BUILT_PRODUCTS_DIR; };
		E600D64B2632FB7400EF367C /* AppDelegate.swift */ = {isa = PBXFileReference; lastKnownFileType = sourcecode.swift; path = AppDelegate.swift; sourceTree = "<group>"; };
		E600D64D2632FB7400EF367C /* SceneDelegate.swift */ = {isa = PBXFileReference; lastKnownFileType = sourcecode.swift; path = SceneDelegate.swift; sourceTree = "<group>"; };
		E600D6522632FB7400EF367C /* Base */ = {isa = PBXFileReference; lastKnownFileType = file.storyboard; name = Base; path = Base.lproj/Main.storyboard; sourceTree = "<group>"; };
		E600D6542632FB7700EF367C /* Assets.xcassets */ = {isa = PBXFileReference; lastKnownFileType = folder.assetcatalog; path = Assets.xcassets; sourceTree = "<group>"; };
		E600D6572632FB7700EF367C /* Base */ = {isa = PBXFileReference; lastKnownFileType = file.storyboard; name = Base; path = Base.lproj/LaunchScreen.storyboard; sourceTree = "<group>"; };
		E600D6592632FB7700EF367C /* Info.plist */ = {isa = PBXFileReference; lastKnownFileType = text.plist.xml; path = Info.plist; sourceTree = "<group>"; };
		E600D65E2632FB7800EF367C /* LeBaluchonTests.xctest */ = {isa = PBXFileReference; explicitFileType = wrapper.cfbundle; includeInIndex = 0; path = LeBaluchonTests.xctest; sourceTree = BUILT_PRODUCTS_DIR; };
		E600D6642632FB7800EF367C /* Info.plist */ = {isa = PBXFileReference; lastKnownFileType = text.plist.xml; path = Info.plist; sourceTree = "<group>"; };
		E600D6692632FB7800EF367C /* LeBaluchonUITests.xctest */ = {isa = PBXFileReference; explicitFileType = wrapper.cfbundle; includeInIndex = 0; path = LeBaluchonUITests.xctest; sourceTree = BUILT_PRODUCTS_DIR; };
		E600D66D2632FB7800EF367C /* LeBaluchonUITests.swift */ = {isa = PBXFileReference; lastKnownFileType = sourcecode.swift; path = LeBaluchonUITests.swift; sourceTree = "<group>"; };
		E600D66F2632FB7800EF367C /* Info.plist */ = {isa = PBXFileReference; lastKnownFileType = text.plist.xml; path = Info.plist; sourceTree = "<group>"; };
		E6069D6626984E27007D03B2 /* TranslationService.swift */ = {isa = PBXFileReference; lastKnownFileType = sourcecode.swift; path = TranslationService.swift; sourceTree = "<group>"; };
		E6069D6B26984EFF007D03B2 /* TranslationData.swift */ = {isa = PBXFileReference; lastKnownFileType = sourcecode.swift; path = TranslationData.swift; sourceTree = "<group>"; };
		E6069D7026985169007D03B2 /* TranslationAPI.swift */ = {isa = PBXFileReference; lastKnownFileType = sourcecode.swift; path = TranslationAPI.swift; sourceTree = "<group>"; };
		E6402FEA264EC105008F0993 /* WeatherService.swift */ = {isa = PBXFileReference; lastKnownFileType = sourcecode.swift; path = WeatherService.swift; sourceTree = "<group>"; };
		E6402FF2264EC9E7008F0993 /* WeatherViewController.swift */ = {isa = PBXFileReference; lastKnownFileType = sourcecode.swift; path = WeatherViewController.swift; sourceTree = "<group>"; };
		E6402FF7264ECE68008F0993 /* WeatherAPI.swift */ = {isa = PBXFileReference; lastKnownFileType = sourcecode.swift; path = WeatherAPI.swift; sourceTree = "<group>"; };
		E6402FFF264EDEAF008F0993 /* DeviseService.swift */ = {isa = PBXFileReference; lastKnownFileType = sourcecode.swift; path = DeviseService.swift; sourceTree = "<group>"; };
		E6403009264EFBC4008F0993 /* Devise.swift */ = {isa = PBXFileReference; lastKnownFileType = sourcecode.swift; path = Devise.swift; sourceTree = "<group>"; };
		E6403011264F13AD008F0993 /* DeviseViewController.swift */ = {isa = PBXFileReference; lastKnownFileType = sourcecode.swift; path = DeviseViewController.swift; sourceTree = "<group>"; };
		E64A53BE264E9AD10067D8DA /* HomeViewController.swift */ = {isa = PBXFileReference; lastKnownFileType = sourcecode.swift; path = HomeViewController.swift; sourceTree = "<group>"; };
		E6A6ED40269C5131003CB200 /* DevisesServiceTestCase.swift */ = {isa = PBXFileReference; lastKnownFileType = sourcecode.swift; path = DevisesServiceTestCase.swift; sourceTree = "<group>"; };
		E6A6ED45269C5205003CB200 /* devise.json */ = {isa = PBXFileReference; lastKnownFileType = text.json; path = devise.json; sourceTree = "<group>"; };
		E6A6ED4A269C5272003CB200 /* FakeResponseData.swift */ = {isa = PBXFileReference; lastKnownFileType = sourcecode.swift; path = FakeResponseData.swift; sourceTree = "<group>"; };
		E6A6ED57269C5623003CB200 /* TranslationServiceTestCase.swift */ = {isa = PBXFileReference; lastKnownFileType = sourcecode.swift; path = TranslationServiceTestCase.swift; sourceTree = "<group>"; };
		E6A6ED5F269C566E003CB200 /* weather.json */ = {isa = PBXFileReference; lastKnownFileType = text.json; path = weather.json; sourceTree = "<group>"; };
		E6A6ED67269C569A003CB200 /* translation.json */ = {isa = PBXFileReference; lastKnownFileType = text.json; path = translation.json; sourceTree = "<group>"; };
		E6A6ED6C269C6941003CB200 /* URLSessionFake.swift */ = {isa = PBXFileReference; lastKnownFileType = sourcecode.swift; path = URLSessionFake.swift; sourceTree = "<group>"; };
		E6A6ED7D269C7E2F003CB200 /* WeatherServicesTestCase.swift */ = {isa = PBXFileReference; lastKnownFileType = sourcecode.swift; path = WeatherServicesTestCase.swift; sourceTree = "<group>"; };
		E6CDED72269869AC00F89278 /* TranslationViewController.swift */ = {isa = PBXFileReference; lastKnownFileType = sourcecode.swift; path = TranslationViewController.swift; sourceTree = "<group>"; };
		E6F491B22682171100899E63 /* WeatherData.swift */ = {isa = PBXFileReference; lastKnownFileType = sourcecode.swift; path = WeatherData.swift; sourceTree = "<group>"; };
		E6F491BB2684CBFB00899E63 /* CoreLocation.framework */ = {isa = PBXFileReference; lastKnownFileType = wrapper.framework; name = CoreLocation.framework; path = System/Library/Frameworks/CoreLocation.framework; sourceTree = SDKROOT; };
		E6F491C82684CE6300899E63 /* Localisation.swift */ = {isa = PBXFileReference; lastKnownFileType = sourcecode.swift; path = Localisation.swift; sourceTree = "<group>"; };
		E6F491CD26875BE600899E63 /* DeviseData.swift */ = {isa = PBXFileReference; lastKnownFileType = sourcecode.swift; path = DeviseData.swift; sourceTree = "<group>"; };
/* End PBXFileReference section */

/* Begin PBXFrameworksBuildPhase section */
		E600D6452632FB7400EF367C /* Frameworks */ = {
			isa = PBXFrameworksBuildPhase;
			buildActionMask = 2147483647;
			files = (
				E6F491BC2684CBFC00899E63 /* CoreLocation.framework in Frameworks */,
			);
			runOnlyForDeploymentPostprocessing = 0;
		};
		E600D65B2632FB7800EF367C /* Frameworks */ = {
			isa = PBXFrameworksBuildPhase;
			buildActionMask = 2147483647;
			files = (
			);
			runOnlyForDeploymentPostprocessing = 0;
		};
		E600D6662632FB7800EF367C /* Frameworks */ = {
			isa = PBXFrameworksBuildPhase;
			buildActionMask = 2147483647;
			files = (
			);
			runOnlyForDeploymentPostprocessing = 0;
		};
/* End PBXFrameworksBuildPhase section */

/* Begin PBXGroup section */
		E600D63F2632FB7400EF367C = {
			isa = PBXGroup;
			children = (
				E600D64A2632FB7400EF367C /* LeBaluchon */,
				E600D6612632FB7800EF367C /* LeBaluchonTests */,
				E600D66C2632FB7800EF367C /* LeBaluchonUITests */,
				E600D6492632FB7400EF367C /* Products */,
				E6F491BA2684CBFA00899E63 /* Frameworks */,
			);
			sourceTree = "<group>";
		};
		E600D6492632FB7400EF367C /* Products */ = {
			isa = PBXGroup;
			children = (
				E600D6482632FB7400EF367C /* LeBaluchon.app */,
				E600D65E2632FB7800EF367C /* LeBaluchonTests.xctest */,
				E600D6692632FB7800EF367C /* LeBaluchonUITests.xctest */,
			);
			name = Products;
			sourceTree = "<group>";
		};
		E600D64A2632FB7400EF367C /* LeBaluchon */ = {
			isa = PBXGroup;
			children = (
				E600D6832632FC4900EF367C /* Controller */,
				E600D6822632FC3F00EF367C /* View */,
				E600D6812632FC2D00EF367C /* Model */,
				E600D64B2632FB7400EF367C /* AppDelegate.swift */,
				E600D64D2632FB7400EF367C /* SceneDelegate.swift */,
				E600D6542632FB7700EF367C /* Assets.xcassets */,
				E600D6592632FB7700EF367C /* Info.plist */,
			);
			path = LeBaluchon;
			sourceTree = "<group>";
		};
		E600D6612632FB7800EF367C /* LeBaluchonTests */ = {
			isa = PBXGroup;
			children = (
				E600D6642632FB7800EF367C /* Info.plist */,
				E6A6ED7D269C7E2F003CB200 /* WeatherServicesTestCase.swift */,
				E6A6ED40269C5131003CB200 /* DevisesServiceTestCase.swift */,
				E6A6ED57269C5623003CB200 /* TranslationServiceTestCase.swift */,
				E6A6ED4A269C5272003CB200 /* FakeResponseData.swift */,
				E6A6ED45269C5205003CB200 /* devise.json */,
				E6A6ED5F269C566E003CB200 /* weather.json */,
				E6A6ED67269C569A003CB200 /* translation.json */,
				E6A6ED6C269C6941003CB200 /* URLSessionFake.swift */,
			);
			path = LeBaluchonTests;
			sourceTree = "<group>";
		};
		E600D66C2632FB7800EF367C /* LeBaluchonUITests */ = {
			isa = PBXGroup;
			children = (
				E600D66D2632FB7800EF367C /* LeBaluchonUITests.swift */,
				E600D66F2632FB7800EF367C /* Info.plist */,
			);
			path = LeBaluchonUITests;
			sourceTree = "<group>";
		};
		E600D6812632FC2D00EF367C /* Model */ = {
			isa = PBXGroup;
			children = (
				E6402FEA264EC105008F0993 /* WeatherService.swift */,
				E6402FFF264EDEAF008F0993 /* DeviseService.swift */,
				E6069D6626984E27007D03B2 /* TranslationService.swift */,
				E6402FF7264ECE68008F0993 /* WeatherAPI.swift */,
				E6403009264EFBC4008F0993 /* Devise.swift */,
				E6069D7026985169007D03B2 /* TranslationAPI.swift */,
				E6F491C82684CE6300899E63 /* Localisation.swift */,
				E6F491B22682171100899E63 /* WeatherData.swift */,
				E6F491CD26875BE600899E63 /* DeviseData.swift */,
				E6069D6B26984EFF007D03B2 /* TranslationData.swift */,
			);
			path = Model;
			sourceTree = "<group>";
		};
		E600D6822632FC3F00EF367C /* View */ = {
			isa = PBXGroup;
			children = (
				E600D6512632FB7400EF367C /* Main.storyboard */,
				E600D6562632FB7700EF367C /* LaunchScreen.storyboard */,
			);
			path = View;
			sourceTree = "<group>";
		};
		E600D6832632FC4900EF367C /* Controller */ = {
			isa = PBXGroup;
			children = (
				E64A53BE264E9AD10067D8DA /* HomeViewController.swift */,
				E6402FF2264EC9E7008F0993 /* WeatherViewController.swift */,
				E6403011264F13AD008F0993 /* DeviseViewController.swift */,
				E6CDED72269869AC00F89278 /* TranslationViewController.swift */,
			);
			path = Controller;
			sourceTree = "<group>";
		};
		E6F491BA2684CBFA00899E63 /* Frameworks */ = {
			isa = PBXGroup;
			children = (
				E6F491BB2684CBFB00899E63 /* CoreLocation.framework */,
			);
			name = Frameworks;
			sourceTree = "<group>";
		};
/* End PBXGroup section */

/* Begin PBXNativeTarget section */
		E600D6472632FB7400EF367C /* LeBaluchon */ = {
			isa = PBXNativeTarget;
			buildConfigurationList = E600D6722632FB7800EF367C /* Build configuration list for PBXNativeTarget "LeBaluchon" */;
			buildPhases = (
				E600D6442632FB7400EF367C /* Sources */,
				E600D6452632FB7400EF367C /* Frameworks */,
				E600D6462632FB7400EF367C /* Resources */,
			);
			buildRules = (
			);
			dependencies = (
			);
			name = LeBaluchon;
			productName = LeBaluchon;
			productReference = E600D6482632FB7400EF367C /* LeBaluchon.app */;
			productType = "com.apple.product-type.application";
		};
		E600D65D2632FB7800EF367C /* LeBaluchonTests */ = {
			isa = PBXNativeTarget;
			buildConfigurationList = E600D6752632FB7800EF367C /* Build configuration list for PBXNativeTarget "LeBaluchonTests" */;
			buildPhases = (
				E600D65A2632FB7800EF367C /* Sources */,
				E600D65B2632FB7800EF367C /* Frameworks */,
				E600D65C2632FB7800EF367C /* Resources */,
			);
			buildRules = (
			);
			dependencies = (
				E600D6602632FB7800EF367C /* PBXTargetDependency */,
			);
			name = LeBaluchonTests;
			productName = LeBaluchonTests;
			productReference = E600D65E2632FB7800EF367C /* LeBaluchonTests.xctest */;
			productType = "com.apple.product-type.bundle.unit-test";
		};
		E600D6682632FB7800EF367C /* LeBaluchonUITests */ = {
			isa = PBXNativeTarget;
			buildConfigurationList = E600D6782632FB7800EF367C /* Build configuration list for PBXNativeTarget "LeBaluchonUITests" */;
			buildPhases = (
				E600D6652632FB7800EF367C /* Sources */,
				E600D6662632FB7800EF367C /* Frameworks */,
				E600D6672632FB7800EF367C /* Resources */,
			);
			buildRules = (
			);
			dependencies = (
				E600D66B2632FB7800EF367C /* PBXTargetDependency */,
			);
			name = LeBaluchonUITests;
			productName = LeBaluchonUITests;
			productReference = E600D6692632FB7800EF367C /* LeBaluchonUITests.xctest */;
			productType = "com.apple.product-type.bundle.ui-testing";
		};
/* End PBXNativeTarget section */

/* Begin PBXProject section */
		E600D6402632FB7400EF367C /* Project object */ = {
			isa = PBXProject;
			attributes = {
				LastSwiftUpdateCheck = 1240;
				LastUpgradeCheck = 1240;
				TargetAttributes = {
					E600D6472632FB7400EF367C = {
						CreatedOnToolsVersion = 12.4;
					};
					E600D65D2632FB7800EF367C = {
						CreatedOnToolsVersion = 12.4;
						TestTargetID = E600D6472632FB7400EF367C;
					};
					E600D6682632FB7800EF367C = {
						CreatedOnToolsVersion = 12.4;
						TestTargetID = E600D6472632FB7400EF367C;
					};
				};
			};
			buildConfigurationList = E600D6432632FB7400EF367C /* Build configuration list for PBXProject "LeBaluchon" */;
			compatibilityVersion = "Xcode 9.3";
			developmentRegion = en;
			hasScannedForEncodings = 0;
			knownRegions = (
				en,
				Base,
			);
			mainGroup = E600D63F2632FB7400EF367C;
			productRefGroup = E600D6492632FB7400EF367C /* Products */;
			projectDirPath = "";
			projectRoot = "";
			targets = (
				E600D6472632FB7400EF367C /* LeBaluchon */,
				E600D65D2632FB7800EF367C /* LeBaluchonTests */,
				E600D6682632FB7800EF367C /* LeBaluchonUITests */,
			);
		};
/* End PBXProject section */

/* Begin PBXResourcesBuildPhase section */
		E600D6462632FB7400EF367C /* Resources */ = {
			isa = PBXResourcesBuildPhase;
			buildActionMask = 2147483647;
			files = (
				E600D6582632FB7700EF367C /* LaunchScreen.storyboard in Resources */,
				E600D6552632FB7700EF367C /* Assets.xcassets in Resources */,
				E600D6532632FB7400EF367C /* Main.storyboard in Resources */,
			);
			runOnlyForDeploymentPostprocessing = 0;
		};
		E600D65C2632FB7800EF367C /* Resources */ = {
			isa = PBXResourcesBuildPhase;
			buildActionMask = 2147483647;
			files = (
				E6A6ED60269C566E003CB200 /* weather.json in Resources */,
				E6A6ED68269C569A003CB200 /* translation.json in Resources */,
				E6A6ED46269C5205003CB200 /* devise.json in Resources */,
			);
			runOnlyForDeploymentPostprocessing = 0;
		};
		E600D6672632FB7800EF367C /* Resources */ = {
			isa = PBXResourcesBuildPhase;
			buildActionMask = 2147483647;
			files = (
			);
			runOnlyForDeploymentPostprocessing = 0;
		};
/* End PBXResourcesBuildPhase section */

/* Begin PBXSourcesBuildPhase section */
		E600D6442632FB7400EF367C /* Sources */ = {
			isa = PBXSourcesBuildPhase;
			buildActionMask = 2147483647;
			files = (
				E6F491CE26875BE700899E63 /* DeviseData.swift in Sources */,
				E6069D6726984E27007D03B2 /* TranslationService.swift in Sources */,
				E6069D7126985169007D03B2 /* TranslationAPI.swift in Sources */,
				E6402FEB264EC105008F0993 /* WeatherService.swift in Sources */,
				E600D64C2632FB7400EF367C /* AppDelegate.swift in Sources */,
				E6402FF8264ECE68008F0993 /* WeatherAPI.swift in Sources */,
				E6403000264EDEAF008F0993 /* DeviseService.swift in Sources */,
				E6069D6C26984EFF007D03B2 /* TranslationData.swift in Sources */,
				E600D64E2632FB7400EF367C /* SceneDelegate.swift in Sources */,
				E6F491B32682171100899E63 /* WeatherData.swift in Sources */,
				E6F491C92684CE6300899E63 /* Localisation.swift in Sources */,
				E6403012264F13AD008F0993 /* DeviseViewController.swift in Sources */,
				E6CDED73269869AC00F89278 /* TranslationViewController.swift in Sources */,
				E6402FF3264EC9E7008F0993 /* WeatherViewController.swift in Sources */,
				E64A53BF264E9AD10067D8DA /* HomeViewController.swift in Sources */,
				E640300A264EFBC4008F0993 /* Devise.swift in Sources */,
			);
			runOnlyForDeploymentPostprocessing = 0;
		};
		E600D65A2632FB7800EF367C /* Sources */ = {
			isa = PBXSourcesBuildPhase;
			buildActionMask = 2147483647;
			files = (
				E6A6ED7E269C7E2F003CB200 /* WeatherServicesTestCase.swift in Sources */,
				E6A6ED6D269C6941003CB200 /* URLSessionFake.swift in Sources */,
				E6A6ED58269C5623003CB200 /* TranslationServiceTestCase.swift in Sources */,
				E6A6ED41269C5131003CB200 /* DevisesServiceTestCase.swift in Sources */,
				E6A6ED4B269C5272003CB200 /* FakeResponseData.swift in Sources */,
			);
			runOnlyForDeploymentPostprocessing = 0;
		};
		E600D6652632FB7800EF367C /* Sources */ = {
			isa = PBXSourcesBuildPhase;
			buildActionMask = 2147483647;
			files = (
				E600D66E2632FB7800EF367C /* LeBaluchonUITests.swift in Sources */,
			);
			runOnlyForDeploymentPostprocessing = 0;
		};
/* End PBXSourcesBuildPhase section */

/* Begin PBXTargetDependency section */
		E600D6602632FB7800EF367C /* PBXTargetDependency */ = {
			isa = PBXTargetDependency;
			target = E600D6472632FB7400EF367C /* LeBaluchon */;
			targetProxy = E600D65F2632FB7800EF367C /* PBXContainerItemProxy */;
		};
		E600D66B2632FB7800EF367C /* PBXTargetDependency */ = {
			isa = PBXTargetDependency;
			target = E600D6472632FB7400EF367C /* LeBaluchon */;
			targetProxy = E600D66A2632FB7800EF367C /* PBXContainerItemProxy */;
		};
/* End PBXTargetDependency section */

/* Begin PBXVariantGroup section */
		E600D6512632FB7400EF367C /* Main.storyboard */ = {
			isa = PBXVariantGroup;
			children = (
				E600D6522632FB7400EF367C /* Base */,
			);
			name = Main.storyboard;
			sourceTree = "<group>";
		};
		E600D6562632FB7700EF367C /* LaunchScreen.storyboard */ = {
			isa = PBXVariantGroup;
			children = (
				E600D6572632FB7700EF367C /* Base */,
			);
			name = LaunchScreen.storyboard;
			sourceTree = "<group>";
		};
/* End PBXVariantGroup section */

/* Begin XCBuildConfiguration section */
		E600D6702632FB7800EF367C /* Debug */ = {
			isa = XCBuildConfiguration;
			buildSettings = {
				ALWAYS_SEARCH_USER_PATHS = NO;
				CLANG_ANALYZER_NONNULL = YES;
				CLANG_ANALYZER_NUMBER_OBJECT_CONVERSION = YES_AGGRESSIVE;
				CLANG_CXX_LANGUAGE_STANDARD = "gnu++14";
				CLANG_CXX_LIBRARY = "libc++";
				CLANG_ENABLE_MODULES = YES;
				CLANG_ENABLE_OBJC_ARC = YES;
				CLANG_ENABLE_OBJC_WEAK = YES;
				CLANG_WARN_BLOCK_CAPTURE_AUTORELEASING = YES;
				CLANG_WARN_BOOL_CONVERSION = YES;
				CLANG_WARN_COMMA = YES;
				CLANG_WARN_CONSTANT_CONVERSION = YES;
				CLANG_WARN_DEPRECATED_OBJC_IMPLEMENTATIONS = YES;
				CLANG_WARN_DIRECT_OBJC_ISA_USAGE = YES_ERROR;
				CLANG_WARN_DOCUMENTATION_COMMENTS = YES;
				CLANG_WARN_EMPTY_BODY = YES;
				CLANG_WARN_ENUM_CONVERSION = YES;
				CLANG_WARN_INFINITE_RECURSION = YES;
				CLANG_WARN_INT_CONVERSION = YES;
				CLANG_WARN_NON_LITERAL_NULL_CONVERSION = YES;
				CLANG_WARN_OBJC_IMPLICIT_RETAIN_SELF = YES;
				CLANG_WARN_OBJC_LITERAL_CONVERSION = YES;
				CLANG_WARN_OBJC_ROOT_CLASS = YES_ERROR;
				CLANG_WARN_QUOTED_INCLUDE_IN_FRAMEWORK_HEADER = YES;
				CLANG_WARN_RANGE_LOOP_ANALYSIS = YES;
				CLANG_WARN_STRICT_PROTOTYPES = YES;
				CLANG_WARN_SUSPICIOUS_MOVE = YES;
				CLANG_WARN_UNGUARDED_AVAILABILITY = YES_AGGRESSIVE;
				CLANG_WARN_UNREACHABLE_CODE = YES;
				CLANG_WARN__DUPLICATE_METHOD_MATCH = YES;
				COPY_PHASE_STRIP = NO;
				DEBUG_INFORMATION_FORMAT = dwarf;
				ENABLE_STRICT_OBJC_MSGSEND = YES;
				ENABLE_TESTABILITY = YES;
				GCC_C_LANGUAGE_STANDARD = gnu11;
				GCC_DYNAMIC_NO_PIC = NO;
				GCC_NO_COMMON_BLOCKS = YES;
				GCC_OPTIMIZATION_LEVEL = 0;
				GCC_PREPROCESSOR_DEFINITIONS = (
					"DEBUG=1",
					"$(inherited)",
				);
				GCC_WARN_64_TO_32_BIT_CONVERSION = YES;
				GCC_WARN_ABOUT_RETURN_TYPE = YES_ERROR;
				GCC_WARN_UNDECLARED_SELECTOR = YES;
				GCC_WARN_UNINITIALIZED_AUTOS = YES_AGGRESSIVE;
				GCC_WARN_UNUSED_FUNCTION = YES;
				GCC_WARN_UNUSED_VARIABLE = YES;
				IPHONEOS_DEPLOYMENT_TARGET = 14.4;
				MTL_ENABLE_DEBUG_INFO = INCLUDE_SOURCE;
				MTL_FAST_MATH = YES;
				ONLY_ACTIVE_ARCH = YES;
				SDKROOT = iphoneos;
				SWIFT_ACTIVE_COMPILATION_CONDITIONS = DEBUG;
				SWIFT_OPTIMIZATION_LEVEL = "-Onone";
			};
			name = Debug;
		};
		E600D6712632FB7800EF367C /* Release */ = {
			isa = XCBuildConfiguration;
			buildSettings = {
				ALWAYS_SEARCH_USER_PATHS = NO;
				CLANG_ANALYZER_NONNULL = YES;
				CLANG_ANALYZER_NUMBER_OBJECT_CONVERSION = YES_AGGRESSIVE;
				CLANG_CXX_LANGUAGE_STANDARD = "gnu++14";
				CLANG_CXX_LIBRARY = "libc++";
				CLANG_ENABLE_MODULES = YES;
				CLANG_ENABLE_OBJC_ARC = YES;
				CLANG_ENABLE_OBJC_WEAK = YES;
				CLANG_WARN_BLOCK_CAPTURE_AUTORELEASING = YES;
				CLANG_WARN_BOOL_CONVERSION = YES;
				CLANG_WARN_COMMA = YES;
				CLANG_WARN_CONSTANT_CONVERSION = YES;
				CLANG_WARN_DEPRECATED_OBJC_IMPLEMENTATIONS = YES;
				CLANG_WARN_DIRECT_OBJC_ISA_USAGE = YES_ERROR;
				CLANG_WARN_DOCUMENTATION_COMMENTS = YES;
				CLANG_WARN_EMPTY_BODY = YES;
				CLANG_WARN_ENUM_CONVERSION = YES;
				CLANG_WARN_INFINITE_RECURSION = YES;
				CLANG_WARN_INT_CONVERSION = YES;
				CLANG_WARN_NON_LITERAL_NULL_CONVERSION = YES;
				CLANG_WARN_OBJC_IMPLICIT_RETAIN_SELF = YES;
				CLANG_WARN_OBJC_LITERAL_CONVERSION = YES;
				CLANG_WARN_OBJC_ROOT_CLASS = YES_ERROR;
				CLANG_WARN_QUOTED_INCLUDE_IN_FRAMEWORK_HEADER = YES;
				CLANG_WARN_RANGE_LOOP_ANALYSIS = YES;
				CLANG_WARN_STRICT_PROTOTYPES = YES;
				CLANG_WARN_SUSPICIOUS_MOVE = YES;
				CLANG_WARN_UNGUARDED_AVAILABILITY = YES_AGGRESSIVE;
				CLANG_WARN_UNREACHABLE_CODE = YES;
				CLANG_WARN__DUPLICATE_METHOD_MATCH = YES;
				COPY_PHASE_STRIP = NO;
				DEBUG_INFORMATION_FORMAT = "dwarf-with-dsym";
				ENABLE_NS_ASSERTIONS = NO;
				ENABLE_STRICT_OBJC_MSGSEND = YES;
				GCC_C_LANGUAGE_STANDARD = gnu11;
				GCC_NO_COMMON_BLOCKS = YES;
				GCC_WARN_64_TO_32_BIT_CONVERSION = YES;
				GCC_WARN_ABOUT_RETURN_TYPE = YES_ERROR;
				GCC_WARN_UNDECLARED_SELECTOR = YES;
				GCC_WARN_UNINITIALIZED_AUTOS = YES_AGGRESSIVE;
				GCC_WARN_UNUSED_FUNCTION = YES;
				GCC_WARN_UNUSED_VARIABLE = YES;
				IPHONEOS_DEPLOYMENT_TARGET = 14.4;
				MTL_ENABLE_DEBUG_INFO = NO;
				MTL_FAST_MATH = YES;
				SDKROOT = iphoneos;
				SWIFT_COMPILATION_MODE = wholemodule;
				SWIFT_OPTIMIZATION_LEVEL = "-O";
				VALIDATE_PRODUCT = YES;
			};
			name = Release;
		};
		E600D6732632FB7800EF367C /* Debug */ = {
			isa = XCBuildConfiguration;
			buildSettings = {
				ASSETCATALOG_COMPILER_APPICON_NAME = AppIcon;
				ASSETCATALOG_COMPILER_GLOBAL_ACCENT_COLOR_NAME = AccentColor;
				CODE_SIGN_STYLE = Automatic;
				DEVELOPMENT_TEAM = V8M85YCYBZ;
				INFOPLIST_FILE = LeBaluchon/Info.plist;
				LD_RUNPATH_SEARCH_PATHS = (
					"$(inherited)",
					"@executable_path/Frameworks",
				);
				PRODUCT_BUNDLE_IDENTIFIER = fr.farid.benjomaa;
				PRODUCT_NAME = "$(TARGET_NAME)";
				SWIFT_VERSION = 5.0;
				TARGETED_DEVICE_FAMILY = "1,2";
			};
			name = Debug;
		};
		E600D6742632FB7800EF367C /* Release */ = {
			isa = XCBuildConfiguration;
			buildSettings = {
				ASSETCATALOG_COMPILER_APPICON_NAME = AppIcon;
				ASSETCATALOG_COMPILER_GLOBAL_ACCENT_COLOR_NAME = AccentColor;
				CODE_SIGN_STYLE = Automatic;
				DEVELOPMENT_TEAM = V8M85YCYBZ;
				INFOPLIST_FILE = LeBaluchon/Info.plist;
				LD_RUNPATH_SEARCH_PATHS = (
					"$(inherited)",
					"@executable_path/Frameworks",
				);
				PRODUCT_BUNDLE_IDENTIFIER = fr.farid.benjomaa;
				PRODUCT_NAME = "$(TARGET_NAME)";
				SWIFT_VERSION = 5.0;
				TARGETED_DEVICE_FAMILY = "1,2";
			};
			name = Release;
		};
		E600D6762632FB7800EF367C /* Debug */ = {
			isa = XCBuildConfiguration;
			buildSettings = {
				ALWAYS_EMBED_SWIFT_STANDARD_LIBRARIES = YES;
				BUNDLE_LOADER = "$(TEST_HOST)";
				CODE_SIGN_STYLE = Automatic;
				DEVELOPMENT_TEAM = V8M85YCYBZ;
				INFOPLIST_FILE = LeBaluchonTests/Info.plist;
				IPHONEOS_DEPLOYMENT_TARGET = 14.4;
				LD_RUNPATH_SEARCH_PATHS = (
					"$(inherited)",
					"@executable_path/Frameworks",
					"@loader_path/Frameworks",
				);
				PRODUCT_BUNDLE_IDENTIFIER = fr.farid.benjomaa.LeBaluchonTests;
				PRODUCT_NAME = "$(TARGET_NAME)";
				SWIFT_VERSION = 5.0;
				TARGETED_DEVICE_FAMILY = "1,2";
				TEST_HOST = "$(BUILT_PRODUCTS_DIR)/LeBaluchon.app/LeBaluchon";
			};
			name = Debug;
		};
		E600D6772632FB7800EF367C /* Release */ = {
			isa = XCBuildConfiguration;
			buildSettings = {
				ALWAYS_EMBED_SWIFT_STANDARD_LIBRARIES = YES;
				BUNDLE_LOADER = "$(TEST_HOST)";
				CODE_SIGN_STYLE = Automatic;
				DEVELOPMENT_TEAM = V8M85YCYBZ;
				INFOPLIST_FILE = LeBaluchonTests/Info.plist;
				IPHONEOS_DEPLOYMENT_TARGET = 14.4;
				LD_RUNPATH_SEARCH_PATHS = (
					"$(inherited)",
					"@executable_path/Frameworks",
					"@loader_path/Frameworks",
				);
				PRODUCT_BUNDLE_IDENTIFIER = fr.farid.benjomaa.LeBaluchonTests;
				PRODUCT_NAME = "$(TARGET_NAME)";
				SWIFT_VERSION = 5.0;
				TARGETED_DEVICE_FAMILY = "1,2";
				TEST_HOST = "$(BUILT_PRODUCTS_DIR)/LeBaluchon.app/LeBaluchon";
			};
			name = Release;
		};
		E600D6792632FB7800EF367C /* Debug */ = {
			isa = XCBuildConfiguration;
			buildSettings = {
				ALWAYS_EMBED_SWIFT_STANDARD_LIBRARIES = YES;
				CODE_SIGN_STYLE = Automatic;
				DEVELOPMENT_TEAM = V8M85YCYBZ;
				INFOPLIST_FILE = LeBaluchonUITests/Info.plist;
				LD_RUNPATH_SEARCH_PATHS = (
					"$(inherited)",
					"@executable_path/Frameworks",
					"@loader_path/Frameworks",
				);
				PRODUCT_BUNDLE_IDENTIFIER = fr.farid.benjomaa.LeBaluchonUITests;
				PRODUCT_NAME = "$(TARGET_NAME)";
				SWIFT_VERSION = 5.0;
				TARGETED_DEVICE_FAMILY = "1,2";
				TEST_TARGET_NAME = LeBaluchon;
			};
			name = Debug;
		};
		E600D67A2632FB7800EF367C /* Release */ = {
			isa = XCBuildConfiguration;
			buildSettings = {
				ALWAYS_EMBED_SWIFT_STANDARD_LIBRARIES = YES;
				CODE_SIGN_STYLE = Automatic;
				DEVELOPMENT_TEAM = V8M85YCYBZ;
				INFOPLIST_FILE = LeBaluchonUITests/Info.plist;
				LD_RUNPATH_SEARCH_PATHS = (
					"$(inherited)",
					"@executable_path/Frameworks",
					"@loader_path/Frameworks",
				);
				PRODUCT_BUNDLE_IDENTIFIER = fr.farid.benjomaa.LeBaluchonUITests;
				PRODUCT_NAME = "$(TARGET_NAME)";
				SWIFT_VERSION = 5.0;
				TARGETED_DEVICE_FAMILY = "1,2";
				TEST_TARGET_NAME = LeBaluchon;
			};
			name = Release;
		};
/* End XCBuildConfiguration section */

/* Begin XCConfigurationList section */
		E600D6432632FB7400EF367C /* Build configuration list for PBXProject "LeBaluchon" */ = {
			isa = XCConfigurationList;
			buildConfigurations = (
				E600D6702632FB7800EF367C /* Debug */,
				E600D6712632FB7800EF367C /* Release */,
			);
			defaultConfigurationIsVisible = 0;
			defaultConfigurationName = Release;
		};
		E600D6722632FB7800EF367C /* Build configuration list for PBXNativeTarget "LeBaluchon" */ = {
			isa = XCConfigurationList;
			buildConfigurations = (
				E600D6732632FB7800EF367C /* Debug */,
				E600D6742632FB7800EF367C /* Release */,
			);
			defaultConfigurationIsVisible = 0;
			defaultConfigurationName = Release;
		};
		E600D6752632FB7800EF367C /* Build configuration list for PBXNativeTarget "LeBaluchonTests" */ = {
			isa = XCConfigurationList;
			buildConfigurations = (
				E600D6762632FB7800EF367C /* Debug */,
				E600D6772632FB7800EF367C /* Release */,
			);
			defaultConfigurationIsVisible = 0;
			defaultConfigurationName = Release;
		};
		E600D6782632FB7800EF367C /* Build configuration list for PBXNativeTarget "LeBaluchonUITests" */ = {
			isa = XCConfigurationList;
			buildConfigurations = (
				E600D6792632FB7800EF367C /* Debug */,
				E600D67A2632FB7800EF367C /* Release */,
			);
			defaultConfigurationIsVisible = 0;
			defaultConfigurationName = Release;
		};
/* End XCConfigurationList section */
	};
	rootObject = E600D6402632FB7400EF367C /* Project object */;
}
